
Microsoft Visual Studio Solution File, Format Version 12.00
# Visual Studio Version 17
VisualStudioVersion = 17.8.34330.188
MinimumVisualStudioVersion = 10.0.40219.1
Project("{FAE04EC0-301F-11D3-BF4B-00C04F79EFBC}") = "MarsOnboardV2", "MarsOnboardV2.csproj", "{DFEA66D0-2AAA-4D8E-89F8-AA722404281A}"
EndProject
Global
	GlobalSection(SolutionConfigurationPlatforms) = preSolution
		Debug|Any CPU = Debug|Any CPU
		Release|Any CPU = Release|Any CPU
	EndGlobalSection
	GlobalSection(ProjectConfigurationPlatforms) = postSolution
		{DFEA66D0-2AAA-4D8E-89F8-AA722404281A}.Debug|Any CPU.ActiveCfg = Debug|Any CPU
		{DFEA66D0-2AAA-4D8E-89F8-AA722404281A}.Debug|Any CPU.Build.0 = Debug|Any CPU
		{DFEA66D0-2AAA-4D8E-89F8-AA722404281A}.Release|Any CPU.ActiveCfg = Release|Any CPU
		{DFEA66D0-2AAA-4D8E-89F8-AA722404281A}.Release|Any CPU.Build.0 = Release|Any CPU
	EndGlobalSection
	GlobalSection(SolutionProperties) = preSolution
		HideSolutionNode = FALSE
	EndGlobalSection
	GlobalSection(ExtensibilityGlobals) = postSolution
		SolutionGuid = {35699F65-0965-4D3C-965E-D2ED029CDA63}
	EndGlobalSection
EndGlobal
